
Microsoft Visual Studio Solution File, Format Version 12.00
# Visual Studio Version 17
VisualStudioVersion = 17.9.34723.18
MinimumVisualStudioVersion = 10.0.40219.1
Project("{FAE04EC0-301F-11D3-BF4B-00C04F79EFBC}") = "Test", "Test\Test.csproj", "{4DBA20AC-7AFF-4E09-AC36-15FC4B6597DB}"
EndProject
Global
	GlobalSection(SolutionConfigurationPlatforms) = preSolution
		Debug|Any CPU = Debug|Any CPU
		Release|Any CPU = Release|Any CPU
	EndGlobalSection
	GlobalSection(ProjectConfigurationPlatforms) = postSolution
		{4DBA20AC-7AFF-4E09-AC36-15FC4B6597DB}.Debug|Any CPU.ActiveCfg = Debug|Any CPU
		{4DBA20AC-7AFF-4E09-AC36-15FC4B6597DB}.Debug|Any CPU.Build.0 = Debug|Any CPU
		{4DBA20AC-7AFF-4E09-AC36-15FC4B6597DB}.Release|Any CPU.ActiveCfg = Release|Any CPU
		{4DBA20AC-7AFF-4E09-AC36-15FC4B6597DB}.Release|Any CPU.Build.0 = Release|Any CPU
	EndGlobalSection
	GlobalSection(SolutionProperties) = preSolution
		HideSolutionNode = FALSE
	EndGlobalSection
	GlobalSection(ExtensibilityGlobals) = postSolution
		SolutionGuid = {12E6B4EF-A041-4E6E-B23B-66AF6B6557AF}
	EndGlobalSection
EndGlobal
